
Microsoft Visual Studio Solution File, Format Version 12.00
# Visual Studio Version 17
VisualStudioVersion = 17.3.32825.248
MinimumVisualStudioVersion = 10.0.40219.1
Project("{FAE04EC0-301F-11D3-BF4B-00C04F79EFBC}") = "Learn_ModernUI_Winform", "Learn_ModernUI_Winform\Learn_ModernUI_Winform.csproj", "{A0A18BC5-76CD-4E56-9E2E-F520D0391FEA}"
EndProject
Global
	GlobalSection(SolutionConfigurationPlatforms) = preSolution
		Debug|Any CPU = Debug|Any CPU
		Release|Any CPU = Release|Any CPU
	EndGlobalSection
	GlobalSection(ProjectConfigurationPlatforms) = postSolution
		{A0A18BC5-76CD-4E56-9E2E-F520D0391FEA}.Debug|Any CPU.ActiveCfg = Debug|Any CPU
		{A0A18BC5-76CD-4E56-9E2E-F520D0391FEA}.Debug|Any CPU.Build.0 = Debug|Any CPU
		{A0A18BC5-76CD-4E56-9E2E-F520D0391FEA}.Release|Any CPU.ActiveCfg = Release|Any CPU
		{A0A18BC5-76CD-4E56-9E2E-F520D0391FEA}.Release|Any CPU.Build.0 = Release|Any CPU
	EndGlobalSection
	GlobalSection(SolutionProperties) = preSolution
		HideSolutionNode = FALSE
	EndGlobalSection
	GlobalSection(ExtensibilityGlobals) = postSolution
		SolutionGuid = {98B2F4B2-9CA0-4873-BFF5-69A9C58B9D09}
	EndGlobalSection
EndGlobal
